
Microsoft Visual Studio Solution File, Format Version 12.00
# Visual Studio 15
VisualStudioVersion = 15.0.28010.0
MinimumVisualStudioVersion = 10.0.40219.1
Project("{FAE04EC0-301F-11D3-BF4B-00C04F79EFBC}") = "siacs", "siacs\siacs.csproj", "{48A90D0B-2E3C-4505-BBBE-FD5827C02293}"
EndProject
Project("{FAE04EC0-301F-11D3-BF4B-00C04F79EFBC}") = "siacs.Tests", "siacs.Tests\siacs.Tests.csproj", "{5848DC59-DAE9-4C25-B44C-0E411EE76E07}"
EndProject
Global
	GlobalSection(SolutionConfigurationPlatforms) = preSolution
		Debug|Any CPU = Debug|Any CPU
		Release|Any CPU = Release|Any CPU
	EndGlobalSection
	GlobalSection(ProjectConfigurationPlatforms) = postSolution
		{48A90D0B-2E3C-4505-BBBE-FD5827C02293}.Debug|Any CPU.ActiveCfg = Debug|Any CPU
		{48A90D0B-2E3C-4505-BBBE-FD5827C02293}.Debug|Any CPU.Build.0 = Debug|Any CPU
		{48A90D0B-2E3C-4505-BBBE-FD5827C02293}.Release|Any CPU.ActiveCfg = Release|Any CPU
		{48A90D0B-2E3C-4505-BBBE-FD5827C02293}.Release|Any CPU.Build.0 = Release|Any CPU
		{5848DC59-DAE9-4C25-B44C-0E411EE76E07}.Debug|Any CPU.ActiveCfg = Debug|Any CPU
		{5848DC59-DAE9-4C25-B44C-0E411EE76E07}.Debug|Any CPU.Build.0 = Debug|Any CPU
		{5848DC59-DAE9-4C25-B44C-0E411EE76E07}.Release|Any CPU.ActiveCfg = Release|Any CPU
		{5848DC59-DAE9-4C25-B44C-0E411EE76E07}.Release|Any CPU.Build.0 = Release|Any CPU
	EndGlobalSection
	GlobalSection(SolutionProperties) = preSolution
		HideSolutionNode = FALSE
	EndGlobalSection
	GlobalSection(ExtensibilityGlobals) = postSolution
		SolutionGuid = {2930F266-9225-4B5D-9416-E82F6799AB4E}
	EndGlobalSection
EndGlobal
